
Microsoft Visual Studio Solution File, Format Version 12.00
# Visual Studio 14
VisualStudioVersion = 14.0.25123.0
MinimumVisualStudioVersion = 10.0.40219.1
Project("{FAE04EC0-301F-11D3-BF4B-00C04F79EFBC}") = "PushNotification", "PushNotification.csproj", "{1589F050-C6A2-45FE-89D6-0F3D1DA2844F}"
EndProject
Project("{FAE04EC0-301F-11D3-BF4B-00C04F79EFBC}") = "TestApplicaiton", "..\TestApplicaiton\TestApplicaiton.csproj", "{D65B8849-E853-4735-9F18-AE0C17A667EE}"
EndProject
Global
	GlobalSection(SolutionConfigurationPlatforms) = preSolution
		Debug|Any CPU = Debug|Any CPU
		Release|Any CPU = Release|Any CPU
	EndGlobalSection
	GlobalSection(ProjectConfigurationPlatforms) = postSolution
		{1589F050-C6A2-45FE-89D6-0F3D1DA2844F}.Debug|Any CPU.ActiveCfg = Debug|Any CPU
		{1589F050-C6A2-45FE-89D6-0F3D1DA2844F}.Debug|Any CPU.Build.0 = Debug|Any CPU
		{1589F050-C6A2-45FE-89D6-0F3D1DA2844F}.Release|Any CPU.ActiveCfg = Release|Any CPU
		{1589F050-C6A2-45FE-89D6-0F3D1DA2844F}.Release|Any CPU.Build.0 = Release|Any CPU
		{D65B8849-E853-4735-9F18-AE0C17A667EE}.Debug|Any CPU.ActiveCfg = Debug|Any CPU
		{D65B8849-E853-4735-9F18-AE0C17A667EE}.Debug|Any CPU.Build.0 = Debug|Any CPU
		{D65B8849-E853-4735-9F18-AE0C17A667EE}.Release|Any CPU.ActiveCfg = Release|Any CPU
		{D65B8849-E853-4735-9F18-AE0C17A667EE}.Release|Any CPU.Build.0 = Release|Any CPU
	EndGlobalSection
	GlobalSection(SolutionProperties) = preSolution
		HideSolutionNode = FALSE
	EndGlobalSection
EndGlobal
